
Microsoft Visual Studio Solution File, Format Version 12.00
# Visual Studio Version 16
VisualStudioVersion = 25.0.1703.8
MinimumVisualStudioVersion = 10.0.40219.1
Project("{FAE04EC0-301F-11D3-BF4B-00C04F79EFBC}") = "BlazingShop.Server", "BlazingShop\Server\BlazingShop.Server.csproj", "{AB5B78C5-2972-45FD-94C1-6424A46ED013}"
EndProject
Project("{FAE04EC0-301F-11D3-BF4B-00C04F79EFBC}") = "BlazingShop.Client", "BlazingShop\Client\BlazingShop.Client.csproj", "{7EA595EC-4F23-4070-99D9-1C3FF2C0CDB8}"
EndProject
Project("{FAE04EC0-301F-11D3-BF4B-00C04F79EFBC}") = "BlazingShop.Shared", "BlazingShop\Shared\BlazingShop.Shared.csproj", "{D9ABE772-A8F6-4D9C-A4B2-329414109165}"
EndProject
Project("{2150E333-8FDC-42A3-9474-1A3956D46DE8}") = "Solution Items", "Solution Items", "{7A3D3684-F6DC-46B4-9BF7-09D34BCACFB4}"
	ProjectSection(SolutionItems) = preProject
		.editorconfig = .editorconfig
	EndProjectSection
EndProject
Global
	GlobalSection(SolutionConfigurationPlatforms) = preSolution
		Debug|Any CPU = Debug|Any CPU
		Release|Any CPU = Release|Any CPU
	EndGlobalSection
	GlobalSection(ProjectConfigurationPlatforms) = postSolution
		{AB5B78C5-2972-45FD-94C1-6424A46ED013}.Debug|Any CPU.ActiveCfg = Debug|Any CPU
		{AB5B78C5-2972-45FD-94C1-6424A46ED013}.Debug|Any CPU.Build.0 = Debug|Any CPU
		{AB5B78C5-2972-45FD-94C1-6424A46ED013}.Release|Any CPU.ActiveCfg = Release|Any CPU
		{AB5B78C5-2972-45FD-94C1-6424A46ED013}.Release|Any CPU.Build.0 = Release|Any CPU
		{7EA595EC-4F23-4070-99D9-1C3FF2C0CDB8}.Debug|Any CPU.ActiveCfg = Debug|Any CPU
		{7EA595EC-4F23-4070-99D9-1C3FF2C0CDB8}.Debug|Any CPU.Build.0 = Debug|Any CPU
		{7EA595EC-4F23-4070-99D9-1C3FF2C0CDB8}.Release|Any CPU.ActiveCfg = Release|Any CPU
		{7EA595EC-4F23-4070-99D9-1C3FF2C0CDB8}.Release|Any CPU.Build.0 = Release|Any CPU
		{D9ABE772-A8F6-4D9C-A4B2-329414109165}.Debug|Any CPU.ActiveCfg = Debug|Any CPU
		{D9ABE772-A8F6-4D9C-A4B2-329414109165}.Debug|Any CPU.Build.0 = Debug|Any CPU
		{D9ABE772-A8F6-4D9C-A4B2-329414109165}.Release|Any CPU.ActiveCfg = Release|Any CPU
		{D9ABE772-A8F6-4D9C-A4B2-329414109165}.Release|Any CPU.Build.0 = Release|Any CPU
	EndGlobalSection
	GlobalSection(SolutionProperties) = preSolution
		HideSolutionNode = FALSE
	EndGlobalSection
	GlobalSection(ExtensibilityGlobals) = postSolution
		SolutionGuid = {5F25F0DA-FB2E-4EA1-9810-48C7F7D86D68}
	EndGlobalSection
EndGlobal
